<?xml version="1.0" encoding="utf-8"?>
<Project ToolsVersion="4.0" xmlns="http://schemas.microsoft.com/developer/msbuild/2003">
  <ItemGroup>
    <Filter Include="Source Files">
      <UniqueIdentifier>{4FC737F1-C7A5-4376-A066-2A32D752A2FF}</UniqueIdentifier>
      <Extensions>cpp;c;cc;cxx;c++;cppm;ixx;def;odl;idl;hpj;bat;asm;asmx</Extensions>
    </Filter>
    <Filter Include="Header Files">
      <UniqueIdentifier>{93995380-89BD-4b04-88EB-625FBE52EBFB}</UniqueIdentifier>
      <Extensions>h;hh;hpp;hxx;h++;hm;inl;inc;ipp;xsd</Extensions>
    </Filter>
    <Filter Include="Source Files\Scenes">
      <UniqueIdentifier>{c7e2a0eb-aed3-45e8-923e-97f3b272d779}</UniqueIdentifier>
    </Filter>
    <Filter Include="Header Files\Resource Files">
      <UniqueIdentifier>{67DA6AB6-F800-4c08-8B7A-83BB121AAD01}</UniqueIdentifier>
      <Extensions>rc;ico;cur;bmp;dlg;rc2;rct;bin;rgs;gif;jpg;jpeg;jpe;resx;tiff;tif;png;wav;mfcribbon-ms</Extensions>
    </Filter>
    <Filter Include="Source Files\Objects">
      <UniqueIdentifier>{4e7e710d-41d0-46f6-944f-77216e1319cf}</UniqueIdentifier>
    </Filter>
    <Filter Include="Source Files\Resources">
      <UniqueIdentifier>{3c0f1b1a-ea4b-44e5-b879-ab8c70407eda}</UniqueIdentifier>
    </Filter>
  </ItemGroup>
  <ItemGroup>
    <ClCompile Include="Source\Game.cpp">
      <Filter>Source Files</Filter>
    </ClCompile>
    <ClCompile Include="Source\KApplication.cpp">
      <Filter>Source Files</Filter>
    </ClCompile>
    <ClCompile Include="Source\KWindow.cpp">
      <Filter>Source Files</Filter>
    </ClCompile>
    <ClCompile Include="Source\main.cpp">
      <Filter>Source Files</Filter>
    </ClCompile>
    <ClCompile Include="Source\RenderSystem.cpp">
      <Filter>Source Files</Filter>
    </ClCompile>
    <ClCompile Include="Source\stdafx.cpp">
      <Filter>Source Files</Filter>
    </ClCompile>
    <ClCompile Include="Source\Scenes\BasicScene.cpp">
      <Filter>Source Files\Scenes</Filter>
    </ClCompile>
    <ClCompile Include="Source\Objects\IObject.cpp">
      <Filter>Source Files\Objects</Filter>
    </ClCompile>
    <ClCompile Include="Source\MeshData.cpp">
      <Filter>Source Files\Resources</Filter>
    </ClCompile>
    <ClCompile Include="Source\GLShader.cpp">
      <Filter>Source Files\Resources</Filter>
    </ClCompile>
    <ClCompile Include="Source\IScene.cpp">
      <Filter>Source Files\Scenes</Filter>
    </ClCompile>
    <ClCompile Include="Source\Objects\BasicObject.cpp">
      <Filter>Source Files\Objects</Filter>
    </ClCompile>
    <ClCompile Include="Source\TextureResource.cpp">
      <Filter>Source Files\Resources</Filter>
    </ClCompile>
    <ClCompile Include="Source\Camera.cpp">
      <Filter>Source Files</Filter>
    </ClCompile>
    <ClCompile Include="Source\Objects\TexturedCube.cpp">
      <Filter>Source Files\Objects</Filter>
    </ClCompile>
    <ClCompile Include="Source\Objects\Lights.cpp">
      <Filter>Source Files\Objects</Filter>
    </ClCompile>
    <ClCompile Include="Source\Mesh.cpp">
      <Filter>Source Files\Resources</Filter>
    </ClCompile>
    <ClCompile Include="Source\Model.cpp">
      <Filter>Source Files\Resources</Filter>
    </ClCompile>
    <ClCompile Include="Source\Objects\ModeledObject.cpp">
      <Filter>Source Files\Objects</Filter>
    </ClCompile>
  </ItemGroup>
  <ItemGroup>
    <ClInclude Include="Source\Game.h">
      <Filter>Source Files</Filter>
    </ClInclude>
    <ClInclude Include="Source\KApplication.h">
      <Filter>Source Files</Filter>
    </ClInclude>
    <ClInclude Include="Source\KWindow.h">
      <Filter>Source Files</Filter>
    </ClInclude>
    <ClInclude Include="Source\RenderSystem.h">
      <Filter>Source Files</Filter>
    </ClInclude>
    <ClInclude Include="Source\stdafx.h">
      <Filter>Source Files</Filter>
    </ClInclude>
    <ClInclude Include="Source\Steering.h">
      <Filter>Source Files</Filter>
    </ClInclude>
    <ClInclude Include="Source\Timer.h">
      <Filter>Source Files</Filter>
    </ClInclude>
    <ClInclude Include="Source\Scenes\BasicScene.h">
      <Filter>Source Files\Scenes</Filter>
    </ClInclude>
    <ClInclude Include="..\External\include\stb_image.h">
      <Filter>Header Files\Resource Files</Filter>
    </ClInclude>
    <ClInclude Include="Source\Objects\IObject.h">
      <Filter>Source Files\Objects</Filter>
    </ClInclude>
    <ClInclude Include="Source\MeshData.h">
      <Filter>Source Files\Resources</Filter>
    </ClInclude>
    <ClInclude Include="Source\GLShader.h">
      <Filter>Source Files\Resources</Filter>
    </ClInclude>
    <ClInclude Include="Source\IScene.h">
      <Filter>Source Files\Scenes</Filter>
    </ClInclude>
    <ClInclude Include="Source\Objects\BasicObject.h">
      <Filter>Source Files\Objects</Filter>
    </ClInclude>
    <ClInclude Include="Source\TextureResource.h">
      <Filter>Source Files\Resources</Filter>
    </ClInclude>
    <ClInclude Include="Source\Camera.h">
      <Filter>Source Files</Filter>
    </ClInclude>
    <ClInclude Include="Source\Objects\TexturedCube.h">
      <Filter>Source Files\Objects</Filter>
    </ClInclude>
    <ClInclude Include="Source\Objects\Lights.h">
      <Filter>Source Files\Objects</Filter>
    </ClInclude>
    <ClInclude Include="Source\Mesh.h">
      <Filter>Source Files\Resources</Filter>
    </ClInclude>
    <ClInclude Include="Source\Model.h">
      <Filter>Source Files\Resources</Filter>
    </ClInclude>
    <ClInclude Include="Source\Objects\ModeledObject.h">
      <Filter>Source Files\Objects</Filter>
    </ClInclude>
  </ItemGroup>
</Project>